{
  "pins" : [
    {
      "identity" : "quantum-ios",
      "kind" : "remoteSourceControl",
      "location" : "https://github.com/atomicfi/quantum-ios.git",
      "state" : {
        "revision" : "e66d3b8e4bfc83c5074a5edde3ef2718d9406a11",
        "version" : "3.17.0"
      }
    }
  ],
  "version" : 2
}
