{
  "pins" : [
    {
      "identity" : "quantum-ios",
      "kind" : "remoteSourceControl",
      "location" : "git@github.com:atomicfi/quantum-ios.git",
      "state" : {
        "revision" : "599f9b4792003f59a86fdfe1edb87c48071639b6",
        "version" : "3.12.0"
      }
    }
  ],
  "version" : 2
}
