{
  "originHash" : "10838674a1e4a5703b1544e9762ff3bd1a09bd57c8d75b2555acf2b556e70833",
  "pins" : [
    {
      "identity" : "quantum-ios",
      "kind" : "remoteSourceControl",
      "location" : "git@github.com:atomicfi/quantum-ios.git",
      "state" : {
        "revision" : "e66d3b8e4bfc83c5074a5edde3ef2718d9406a11",
        "version" : "3.17.0"
      }
    }
  ],
  "version" : 3
}
