// !$*UTF8*$!
{
	archiveVersion = 1;
	classes = {
	};
	objectVersion = 70;
	objects = {

/* Begin PBXBuildFile section */
		11E1152A2CC0158100F08496 /* LinkSDK.framework in Frameworks */ = {isa = PBXBuildFile; fileRef = 11E115222CC0158100F08496 /* LinkSDK.framework */; };
		11E1152B2CC0158100F08496 /* LinkSDK.framework in Embed Frameworks */ = {isa = PBXBuildFile; fileRef = 11E115222CC0158100F08496 /* LinkSDK.framework */; settings = {ATTRIBUTES = (CodeSignOnCopy, RemoveHeadersOnCopy, ); }; };
		11E115602CC018DD00F08496 /* LinkWebViewViewController.swift in Sources */ = {isa = PBXBuildFile; fileRef = 11E114E72CC0130800F08496 /* LinkWebViewViewController.swift */; };
		11E115612CC018DD00F08496 /* Payload.swift in Sources */ = {isa = PBXBuildFile; fileRef = 11E114EA2CC0130800F08496 /* Payload.swift */; };
		11E115622CC018DD00F08496 /* LinkSDK.swift in Sources */ = {isa = PBXBuildFile; fileRef = 11E114EC2CC0130800F08496 /* LinkSDK.swift */; };
		11E115632CC018DD00F08496 /* Utils.swift in Sources */ = {isa = PBXBuildFile; fileRef = 11E114EE2CC0130800F08496 /* Utils.swift */; };
		11E1156E2CC01ACE00F08496 /* AppDelegate.swift in Sources */ = {isa = PBXBuildFile; fileRef = 11E115642CC01ACE00F08496 /* AppDelegate.swift */; };
		11E1156F2CC01ACE00F08496 /* ViewController.swift in Sources */ = {isa = PBXBuildFile; fileRef = 11E1156D2CC01ACE00F08496 /* ViewController.swift */; };
		11E115742CC01ACE00F08496 /* Assets.xcassets in Resources */ = {isa = PBXBuildFile; fileRef = 11E115652CC01ACE00F08496 /* Assets.xcassets */; };
		11E115772CC01B5500F08496 /* Main.storyboard in Resources */ = {isa = PBXBuildFile; fileRef = 11E115762CC01B5500F08496 /* Main.storyboard */; };
		11E115782CC01B5500F08496 /* LaunchScreen.storyboard in Resources */ = {isa = PBXBuildFile; fileRef = 11E115752CC01B5500F08496 /* LaunchScreen.storyboard */; };
		11E115792CC10CA500F08496 /* SceneDelegate.swift in Sources */ = {isa = PBXBuildFile; fileRef = 11E1156C2CC01ACE00F08496 /* SceneDelegate.swift */; };
		11E115822CC1151900F08496 /* LinkSDK.framework in Frameworks */ = {isa = PBXBuildFile; fileRef = 11E115222CC0158100F08496 /* LinkSDK.framework */; };
		11E1158B2CC11A9E00F08496 /* LinkSDKTests.swift in Sources */ = {isa = PBXBuildFile; fileRef = 11E114F02CC0130800F08496 /* LinkSDKTests.swift */; };
		11E1158C2CC11D2100F08496 /* Payload.swift in Sources */ = {isa = PBXBuildFile; fileRef = 11E114EA2CC0130800F08496 /* Payload.swift */; };
		11E1158E2CC11D8800F08496 /* LinkSDK.swift in Sources */ = {isa = PBXBuildFile; fileRef = 11E114EC2CC0130800F08496 /* LinkSDK.swift */; };
		11E1159B2CC1200800F08496 /* LinkWebViewViewController.swift in Sources */ = {isa = PBXBuildFile; fileRef = 11E114E72CC0130800F08496 /* LinkWebViewViewController.swift */; };
		11E1159D2CC1201700F08496 /* Utils.swift in Sources */ = {isa = PBXBuildFile; fileRef = 11E114EE2CC0130800F08496 /* Utils.swift */; };
		FAD903EC2DD4C82A0012F673 /* QuantumIOS in Frameworks */ = {isa = PBXBuildFile; productRef = FAD903EB2DD4C82A0012F673 /* QuantumIOS */; };
/* End PBXBuildFile section */

/* Begin PBXContainerItemProxy section */
		11E115282CC0158100F08496 /* PBXContainerItemProxy */ = {
			isa = PBXContainerItemProxy;
			containerPortal = 11E114BE2CC012BC00F08496 /* Project object */;
			proxyType = 1;
			remoteGlobalIDString = 11E115212CC0158100F08496;
			remoteInfo = LinkSDK;
		};
		11E115832CC1151900F08496 /* PBXContainerItemProxy */ = {
			isa = PBXContainerItemProxy;
			containerPortal = 11E114BE2CC012BC00F08496 /* Project object */;
			proxyType = 1;
			remoteGlobalIDString = 11E115212CC0158100F08496;
			remoteInfo = LinkSDK;
		};
		11F31F7F2CC125DE00CFB8C9 /* PBXContainerItemProxy */ = {
			isa = PBXContainerItemProxy;
			containerPortal = 11E114BE2CC012BC00F08496 /* Project object */;
			proxyType = 1;
			remoteGlobalIDString = 11E115072CC0149D00F08496;
			remoteInfo = LinkSDKExample;
		};
/* End PBXContainerItemProxy section */

/* Begin PBXCopyFilesBuildPhase section */
		11E115302CC0158100F08496 /* Embed Frameworks */ = {
			isa = PBXCopyFilesBuildPhase;
			buildActionMask = 2147483647;
			dstPath = "";
			dstSubfolderSpec = 10;
			files = (
				11E1152B2CC0158100F08496 /* LinkSDK.framework in Embed Frameworks */,
			);
			name = "Embed Frameworks";
			runOnlyForDeploymentPostprocessing = 0;
		};
/* End PBXCopyFilesBuildPhase section */

/* Begin PBXFileReference section */
		114F4A312CC95199007418CA /* LinkSDK.xctestplan */ = {isa = PBXFileReference; lastKnownFileType = text; path = LinkSDK.xctestplan; sourceTree = "<group>"; };
		11E114E72CC0130800F08496 /* LinkWebViewViewController.swift */ = {isa = PBXFileReference; lastKnownFileType = sourcecode.swift; path = LinkWebViewViewController.swift; sourceTree = "<group>"; };
		11E114EA2CC0130800F08496 /* Payload.swift */ = {isa = PBXFileReference; lastKnownFileType = sourcecode.swift; path = Payload.swift; sourceTree = "<group>"; };
		11E114EC2CC0130800F08496 /* LinkSDK.swift */ = {isa = PBXFileReference; lastKnownFileType = sourcecode.swift; path = LinkSDK.swift; sourceTree = "<group>"; };
		11E114EE2CC0130800F08496 /* Utils.swift */ = {isa = PBXFileReference; lastKnownFileType = sourcecode.swift; path = Utils.swift; sourceTree = "<group>"; };
		11E114F02CC0130800F08496 /* LinkSDKTests.swift */ = {isa = PBXFileReference; lastKnownFileType = sourcecode.swift; path = LinkSDKTests.swift; sourceTree = "<group>"; };
		11E115082CC0149D00F08496 /* LinkSDKExample.app */ = {isa = PBXFileReference; explicitFileType = wrapper.application; includeInIndex = 0; path = LinkSDKExample.app; sourceTree = BUILT_PRODUCTS_DIR; };
		11E115222CC0158100F08496 /* LinkSDK.framework */ = {isa = PBXFileReference; explicitFileType = wrapper.framework; includeInIndex = 0; path = LinkSDK.framework; sourceTree = BUILT_PRODUCTS_DIR; };
		11E115642CC01ACE00F08496 /* AppDelegate.swift */ = {isa = PBXFileReference; lastKnownFileType = sourcecode.swift; path = AppDelegate.swift; sourceTree = "<group>"; };
		11E115652CC01ACE00F08496 /* Assets.xcassets */ = {isa = PBXFileReference; lastKnownFileType = folder.assetcatalog; path = Assets.xcassets; sourceTree = "<group>"; };
		11E1156B2CC01ACE00F08496 /* Info.plist */ = {isa = PBXFileReference; lastKnownFileType = text.plist.xml; path = Info.plist; sourceTree = "<group>"; };
		11E1156C2CC01ACE00F08496 /* SceneDelegate.swift */ = {isa = PBXFileReference; lastKnownFileType = sourcecode.swift; path = SceneDelegate.swift; sourceTree = "<group>"; };
		11E1156D2CC01ACE00F08496 /* ViewController.swift */ = {isa = PBXFileReference; lastKnownFileType = sourcecode.swift; path = ViewController.swift; sourceTree = "<group>"; };
		11E115752CC01B5500F08496 /* LaunchScreen.storyboard */ = {isa = PBXFileReference; lastKnownFileType = file.storyboard; path = LaunchScreen.storyboard; sourceTree = "<group>"; };
		11E115762CC01B5500F08496 /* Main.storyboard */ = {isa = PBXFileReference; lastKnownFileType = file.storyboard; path = Main.storyboard; sourceTree = "<group>"; };
		11E1157E2CC1151900F08496 /* LinkSDKTests.xctest */ = {isa = PBXFileReference; explicitFileType = wrapper.cfbundle; includeInIndex = 0; path = LinkSDKTests.xctest; sourceTree = BUILT_PRODUCTS_DIR; };
/* End PBXFileReference section */

/* Begin PBXFileSystemSynchronizedRootGroup section */
		113DC4602DD9F68A0097C105 /* Resources */ = {isa = PBXFileSystemSynchronizedRootGroup; explicitFileTypes = {}; explicitFolders = (); path = Resources; sourceTree = "<group>"; };
		FAD903DD2DD22A360012F673 /* TrueAuthWebViewController */ = {isa = PBXFileSystemSynchronizedRootGroup; explicitFileTypes = {}; explicitFolders = (); path = TrueAuthWebViewController; sourceTree = "<group>"; };
/* End PBXFileSystemSynchronizedRootGroup section */

/* Begin PBXFrameworksBuildPhase section */
		11E115052CC0149D00F08496 /* Frameworks */ = {
			isa = PBXFrameworksBuildPhase;
			buildActionMask = 2147483647;
			files = (
				11E1152A2CC0158100F08496 /* LinkSDK.framework in Frameworks */,
			);
			runOnlyForDeploymentPostprocessing = 0;
		};
		11E1151F2CC0158100F08496 /* Frameworks */ = {
			isa = PBXFrameworksBuildPhase;
			buildActionMask = 2147483647;
			files = (
				FAD903EC2DD4C82A0012F673 /* QuantumIOS in Frameworks */,
			);
			runOnlyForDeploymentPostprocessing = 0;
		};
		11E1157B2CC1151900F08496 /* Frameworks */ = {
			isa = PBXFrameworksBuildPhase;
			buildActionMask = 2147483647;
			files = (
				11E115822CC1151900F08496 /* LinkSDK.framework in Frameworks */,
			);
			runOnlyForDeploymentPostprocessing = 0;
		};
/* End PBXFrameworksBuildPhase section */

/* Begin PBXGroup section */
		11E114BD2CC012BC00F08496 = {
			isa = PBXGroup;
			children = (
				114F4A312CC95199007418CA /* LinkSDK.xctestplan */,
				11E114FD2CC013E700F08496 /* LinkSDKExample */,
				11E114EF2CC0130800F08496 /* LinkSDK */,
				11E114F22CC0130800F08496 /* LinkSDKTests */,
				11E114C72CC012BC00F08496 /* Products */,
			);
			sourceTree = "<group>";
		};
		11E114C72CC012BC00F08496 /* Products */ = {
			isa = PBXGroup;
			children = (
				11E115082CC0149D00F08496 /* LinkSDKExample.app */,
				11E115222CC0158100F08496 /* LinkSDK.framework */,
				11E1157E2CC1151900F08496 /* LinkSDKTests.xctest */,
			);
			name = Products;
			sourceTree = "<group>";
		};
		11E114E92CC0130800F08496 /* LinkWebViewController */ = {
			isa = PBXGroup;
			children = (
				11E114E72CC0130800F08496 /* LinkWebViewViewController.swift */,
			);
			path = LinkWebViewController;
			sourceTree = "<group>";
		};
		11E114EB2CC0130800F08496 /* Models */ = {
			isa = PBXGroup;
			children = (
				11E114EA2CC0130800F08496 /* Payload.swift */,
			);
			path = Models;
			sourceTree = "<group>";
		};
		11E114EF2CC0130800F08496 /* LinkSDK */ = {
			isa = PBXGroup;
			children = (
				113DC4602DD9F68A0097C105 /* Resources */,
				FAD903DD2DD22A360012F673 /* TrueAuthWebViewController */,
				11E114E92CC0130800F08496 /* LinkWebViewController */,
				11E114EB2CC0130800F08496 /* Models */,
				11E114EC2CC0130800F08496 /* LinkSDK.swift */,
				11E114EE2CC0130800F08496 /* Utils.swift */,
			);
			path = LinkSDK;
			sourceTree = "<group>";
		};
		11E114F22CC0130800F08496 /* LinkSDKTests */ = {
			isa = PBXGroup;
			children = (
				11E114F02CC0130800F08496 /* LinkSDKTests.swift */,
			);
			path = LinkSDKTests;
			sourceTree = "<group>";
		};
		11E114FD2CC013E700F08496 /* LinkSDKExample */ = {
			isa = PBXGroup;
			children = (
				11E115642CC01ACE00F08496 /* AppDelegate.swift */,
				11E115652CC01ACE00F08496 /* Assets.xcassets */,
				11E1156B2CC01ACE00F08496 /* Info.plist */,
				11E1156C2CC01ACE00F08496 /* SceneDelegate.swift */,
				11E1156D2CC01ACE00F08496 /* ViewController.swift */,
				11E115752CC01B5500F08496 /* LaunchScreen.storyboard */,
				11E115762CC01B5500F08496 /* Main.storyboard */,
			);
			path = LinkSDKExample;
			sourceTree = "<group>";
		};
/* End PBXGroup section */

/* Begin PBXHeadersBuildPhase section */
		11E1151D2CC0158100F08496 /* Headers */ = {
			isa = PBXHeadersBuildPhase;
			buildActionMask = 2147483647;
			files = (
			);
			runOnlyForDeploymentPostprocessing = 0;
		};
/* End PBXHeadersBuildPhase section */

/* Begin PBXNativeTarget section */
		11E115072CC0149D00F08496 /* LinkSDKExample */ = {
			isa = PBXNativeTarget;
			buildConfigurationList = 11E1151A2CC0149F00F08496 /* Build configuration list for PBXNativeTarget "LinkSDKExample" */;
			buildPhases = (
				11E115042CC0149D00F08496 /* Sources */,
				11E115052CC0149D00F08496 /* Frameworks */,
				11E115062CC0149D00F08496 /* Resources */,
				11E115302CC0158100F08496 /* Embed Frameworks */,
			);
			buildRules = (
			);
			dependencies = (
				11E115292CC0158100F08496 /* PBXTargetDependency */,
			);
			name = LinkSDKExample;
			packageProductDependencies = (
			);
			productName = LinkSDKExample;
			productReference = 11E115082CC0149D00F08496 /* LinkSDKExample.app */;
			productType = "com.apple.product-type.application";
		};
		11E115212CC0158100F08496 /* LinkSDK */ = {
			isa = PBXNativeTarget;
			buildConfigurationList = 11E1152D2CC0158100F08496 /* Build configuration list for PBXNativeTarget "LinkSDK" */;
			buildPhases = (
				11E1151D2CC0158100F08496 /* Headers */,
				11E1151E2CC0158100F08496 /* Sources */,
				11E1151F2CC0158100F08496 /* Frameworks */,
				111D02032DDA145C004A6EF5 /* Resources */,
			);
			buildRules = (
			);
			dependencies = (
			);
			fileSystemSynchronizedGroups = (
				113DC4602DD9F68A0097C105 /* Resources */,
				FAD903DD2DD22A360012F673 /* TrueAuthWebViewController */,
			);
			name = LinkSDK;
			packageProductDependencies = (
				FAD903EB2DD4C82A0012F673 /* QuantumIOS */,
			);
			productName = LinkSDK;
			productReference = 11E115222CC0158100F08496 /* LinkSDK.framework */;
			productType = "com.apple.product-type.framework";
		};
		11E1157D2CC1151900F08496 /* LinkSDKTests */ = {
			isa = PBXNativeTarget;
			buildConfigurationList = 11E115852CC1151900F08496 /* Build configuration list for PBXNativeTarget "LinkSDKTests" */;
			buildPhases = (
				11E1157A2CC1151900F08496 /* Sources */,
				11E1157B2CC1151900F08496 /* Frameworks */,
				11E1157C2CC1151900F08496 /* Resources */,
			);
			buildRules = (
			);
			dependencies = (
				11E115842CC1151900F08496 /* PBXTargetDependency */,
				11F31F802CC125DE00CFB8C9 /* PBXTargetDependency */,
			);
			fileSystemSynchronizedGroups = (
				113DC4602DD9F68A0097C105 /* Resources */,
				FAD903DD2DD22A360012F673 /* TrueAuthWebViewController */,
			);
			name = LinkSDKTests;
			packageProductDependencies = (
			);
			productName = LinkSDKTests;
			productReference = 11E1157E2CC1151900F08496 /* LinkSDKTests.xctest */;
			productType = "com.apple.product-type.bundle.unit-test";
		};
/* End PBXNativeTarget section */

/* Begin PBXProject section */
		11E114BE2CC012BC00F08496 /* Project object */ = {
			isa = PBXProject;
			attributes = {
				BuildIndependentTargetsInParallel = 1;
				LastSwiftUpdateCheck = 1600;
				LastUpgradeCheck = 1620;
				TargetAttributes = {
					11E115072CC0149D00F08496 = {
						CreatedOnToolsVersion = 16.0;
						LastSwiftMigration = 1600;
					};
					11E115212CC0158100F08496 = {
						CreatedOnToolsVersion = 16.0;
					};
					11E1157D2CC1151900F08496 = {
						CreatedOnToolsVersion = 16.0;
					};
				};
			};
			buildConfigurationList = 11E114C12CC012BC00F08496 /* Build configuration list for PBXProject "LinkSDK" */;
			compatibilityVersion = "Xcode 15.0";
			developmentRegion = en;
			hasScannedForEncodings = 0;
			knownRegions = (
				en,
				Base,
				es,
				ru,
			);
			mainGroup = 11E114BD2CC012BC00F08496;
			minimizedProjectReferenceProxies = 1;
			packageReferences = (
				FAD903EA2DD4C82A0012F673 /* XCRemoteSwiftPackageReference "quantum-ios" */,
			);
			productRefGroup = 11E114C72CC012BC00F08496 /* Products */;
			projectDirPath = "";
			projectRoot = "";
			targets = (
				11E115072CC0149D00F08496 /* LinkSDKExample */,
				11E115212CC0158100F08496 /* LinkSDK */,
				11E1157D2CC1151900F08496 /* LinkSDKTests */,
			);
		};
/* End PBXProject section */

/* Begin PBXResourcesBuildPhase section */
		111D02032DDA145C004A6EF5 /* Resources */ = {
			isa = PBXResourcesBuildPhase;
			buildActionMask = 2147483647;
			files = (
			);
			runOnlyForDeploymentPostprocessing = 0;
		};
		11E115062CC0149D00F08496 /* Resources */ = {
			isa = PBXResourcesBuildPhase;
			buildActionMask = 2147483647;
			files = (
				11E115772CC01B5500F08496 /* Main.storyboard in Resources */,
				11E115782CC01B5500F08496 /* LaunchScreen.storyboard in Resources */,
				11E115742CC01ACE00F08496 /* Assets.xcassets in Resources */,
			);
			runOnlyForDeploymentPostprocessing = 0;
		};
		11E1157C2CC1151900F08496 /* Resources */ = {
			isa = PBXResourcesBuildPhase;
			buildActionMask = 2147483647;
			files = (
			);
			runOnlyForDeploymentPostprocessing = 0;
		};
/* End PBXResourcesBuildPhase section */

/* Begin PBXSourcesBuildPhase section */
		11E115042CC0149D00F08496 /* Sources */ = {
			isa = PBXSourcesBuildPhase;
			buildActionMask = 2147483647;
			files = (
				11E1156E2CC01ACE00F08496 /* AppDelegate.swift in Sources */,
				11E1156F2CC01ACE00F08496 /* ViewController.swift in Sources */,
				11E115792CC10CA500F08496 /* SceneDelegate.swift in Sources */,
			);
			runOnlyForDeploymentPostprocessing = 0;
		};
		11E1151E2CC0158100F08496 /* Sources */ = {
			isa = PBXSourcesBuildPhase;
			buildActionMask = 2147483647;
			files = (
				11E115602CC018DD00F08496 /* LinkWebViewViewController.swift in Sources */,
				11E115612CC018DD00F08496 /* Payload.swift in Sources */,
				11E115622CC018DD00F08496 /* LinkSDK.swift in Sources */,
				11E115632CC018DD00F08496 /* Utils.swift in Sources */,
			);
			runOnlyForDeploymentPostprocessing = 0;
		};
		11E1157A2CC1151900F08496 /* Sources */ = {
			isa = PBXSourcesBuildPhase;
			buildActionMask = 2147483647;
			files = (
				11E1159B2CC1200800F08496 /* LinkWebViewViewController.swift in Sources */,
				11E1158E2CC11D8800F08496 /* LinkSDK.swift in Sources */,
				11E1158C2CC11D2100F08496 /* Payload.swift in Sources */,
				11E1159D2CC1201700F08496 /* Utils.swift in Sources */,
				11E1158B2CC11A9E00F08496 /* LinkSDKTests.swift in Sources */,
			);
			runOnlyForDeploymentPostprocessing = 0;
		};
/* End PBXSourcesBuildPhase section */

/* Begin PBXTargetDependency section */
		11E115292CC0158100F08496 /* PBXTargetDependency */ = {
			isa = PBXTargetDependency;
			target = 11E115212CC0158100F08496 /* LinkSDK */;
			targetProxy = 11E115282CC0158100F08496 /* PBXContainerItemProxy */;
		};
		11E115842CC1151900F08496 /* PBXTargetDependency */ = {
			isa = PBXTargetDependency;
			target = 11E115212CC0158100F08496 /* LinkSDK */;
			targetProxy = 11E115832CC1151900F08496 /* PBXContainerItemProxy */;
		};
		11F31F802CC125DE00CFB8C9 /* PBXTargetDependency */ = {
			isa = PBXTargetDependency;
			target = 11E115072CC0149D00F08496 /* LinkSDKExample */;
			targetProxy = 11F31F7F2CC125DE00CFB8C9 /* PBXContainerItemProxy */;
		};
/* End PBXTargetDependency section */

/* Begin XCBuildConfiguration section */
		11E114DC2CC012BF00F08496 /* Debug */ = {
			isa = XCBuildConfiguration;
			buildSettings = {
				ALWAYS_SEARCH_USER_PATHS = NO;
				ASSETCATALOG_COMPILER_GENERATE_SWIFT_ASSET_SYMBOL_EXTENSIONS = YES;
				CLANG_ANALYZER_LOCALIZABILITY_NONLOCALIZED = YES;
				CLANG_ANALYZER_NONNULL = YES;
				CLANG_ANALYZER_NUMBER_OBJECT_CONVERSION = YES_AGGRESSIVE;
				CLANG_CXX_LANGUAGE_STANDARD = "gnu++20";
				CLANG_ENABLE_MODULES = YES;
				CLANG_ENABLE_OBJC_ARC = YES;
				CLANG_ENABLE_OBJC_WEAK = YES;
				CLANG_WARN_BLOCK_CAPTURE_AUTORELEASING = YES;
				CLANG_WARN_BOOL_CONVERSION = YES;
				CLANG_WARN_COMMA = YES;
				CLANG_WARN_CONSTANT_CONVERSION = YES;
				CLANG_WARN_DEPRECATED_OBJC_IMPLEMENTATIONS = YES;
				CLANG_WARN_DIRECT_OBJC_ISA_USAGE = YES_ERROR;
				CLANG_WARN_DOCUMENTATION_COMMENTS = YES;
				CLANG_WARN_EMPTY_BODY = YES;
				CLANG_WARN_ENUM_CONVERSION = YES;
				CLANG_WARN_INFINITE_RECURSION = YES;
				CLANG_WARN_INT_CONVERSION = YES;
				CLANG_WARN_NON_LITERAL_NULL_CONVERSION = YES;
				CLANG_WARN_OBJC_IMPLICIT_RETAIN_SELF = YES;
				CLANG_WARN_OBJC_LITERAL_CONVERSION = YES;
				CLANG_WARN_OBJC_ROOT_CLASS = YES_ERROR;
				CLANG_WARN_QUOTED_INCLUDE_IN_FRAMEWORK_HEADER = YES;
				CLANG_WARN_RANGE_LOOP_ANALYSIS = YES;
				CLANG_WARN_STRICT_PROTOTYPES = YES;
				CLANG_WARN_SUSPICIOUS_MOVE = YES;
				CLANG_WARN_UNGUARDED_AVAILABILITY = YES_AGGRESSIVE;
				CLANG_WARN_UNREACHABLE_CODE = YES;
				CLANG_WARN__DUPLICATE_METHOD_MATCH = YES;
				COPY_PHASE_STRIP = NO;
				DEBUG_INFORMATION_FORMAT = dwarf;
				ENABLE_STRICT_OBJC_MSGSEND = YES;
				ENABLE_TESTABILITY = YES;
				ENABLE_USER_SCRIPT_SANDBOXING = YES;
				GCC_C_LANGUAGE_STANDARD = gnu17;
				GCC_DYNAMIC_NO_PIC = NO;
				GCC_NO_COMMON_BLOCKS = YES;
				GCC_OPTIMIZATION_LEVEL = 0;
				GCC_PREPROCESSOR_DEFINITIONS = (
					"DEBUG=1",
					"$(inherited)",
				);
				GCC_WARN_64_TO_32_BIT_CONVERSION = YES;
				GCC_WARN_ABOUT_RETURN_TYPE = YES_ERROR;
				GCC_WARN_UNDECLARED_SELECTOR = YES;
				GCC_WARN_UNINITIALIZED_AUTOS = YES_AGGRESSIVE;
				GCC_WARN_UNUSED_FUNCTION = YES;
				GCC_WARN_UNUSED_VARIABLE = YES;
				IPHONEOS_DEPLOYMENT_TARGET = 13.0;
				LOCALIZATION_PREFERS_STRING_CATALOGS = YES;
				MTL_ENABLE_DEBUG_INFO = INCLUDE_SOURCE;
				MTL_FAST_MATH = YES;
				ONLY_ACTIVE_ARCH = YES;
				SDKROOT = iphoneos;
				SWIFT_ACTIVE_COMPILATION_CONDITIONS = "DEBUG $(inherited)";
				SWIFT_EMIT_LOC_STRINGS = YES;
				SWIFT_OPTIMIZATION_LEVEL = "-Onone";
			};
			name = Debug;
		};
		11E114DD2CC012BF00F08496 /* Release */ = {
			isa = XCBuildConfiguration;
			buildSettings = {
				ALWAYS_SEARCH_USER_PATHS = NO;
				ASSETCATALOG_COMPILER_GENERATE_SWIFT_ASSET_SYMBOL_EXTENSIONS = YES;
				CLANG_ANALYZER_LOCALIZABILITY_NONLOCALIZED = YES;
				CLANG_ANALYZER_NONNULL = YES;
				CLANG_ANALYZER_NUMBER_OBJECT_CONVERSION = YES_AGGRESSIVE;
				CLANG_CXX_LANGUAGE_STANDARD = "gnu++20";
				CLANG_ENABLE_MODULES = YES;
				CLANG_ENABLE_OBJC_ARC = YES;
				CLANG_ENABLE_OBJC_WEAK = YES;
				CLANG_WARN_BLOCK_CAPTURE_AUTORELEASING = YES;
				CLANG_WARN_BOOL_CONVERSION = YES;
				CLANG_WARN_COMMA = YES;
				CLANG_WARN_CONSTANT_CONVERSION = YES;
				CLANG_WARN_DEPRECATED_OBJC_IMPLEMENTATIONS = YES;
				CLANG_WARN_DIRECT_OBJC_ISA_USAGE = YES_ERROR;
				CLANG_WARN_DOCUMENTATION_COMMENTS = YES;
				CLANG_WARN_EMPTY_BODY = YES;
				CLANG_WARN_ENUM_CONVERSION = YES;
				CLANG_WARN_INFINITE_RECURSION = YES;
				CLANG_WARN_INT_CONVERSION = YES;
				CLANG_WARN_NON_LITERAL_NULL_CONVERSION = YES;
				CLANG_WARN_OBJC_IMPLICIT_RETAIN_SELF = YES;
				CLANG_WARN_OBJC_LITERAL_CONVERSION = YES;
				CLANG_WARN_OBJC_ROOT_CLASS = YES_ERROR;
				CLANG_WARN_QUOTED_INCLUDE_IN_FRAMEWORK_HEADER = YES;
				CLANG_WARN_RANGE_LOOP_ANALYSIS = YES;
				CLANG_WARN_STRICT_PROTOTYPES = YES;
				CLANG_WARN_SUSPICIOUS_MOVE = YES;
				CLANG_WARN_UNGUARDED_AVAILABILITY = YES_AGGRESSIVE;
				CLANG_WARN_UNREACHABLE_CODE = YES;
				CLANG_WARN__DUPLICATE_METHOD_MATCH = YES;
				COPY_PHASE_STRIP = NO;
				DEBUG_INFORMATION_FORMAT = "dwarf-with-dsym";
				ENABLE_NS_ASSERTIONS = NO;
				ENABLE_STRICT_OBJC_MSGSEND = YES;
				ENABLE_USER_SCRIPT_SANDBOXING = YES;
				GCC_C_LANGUAGE_STANDARD = gnu17;
				GCC_NO_COMMON_BLOCKS = YES;
				GCC_WARN_64_TO_32_BIT_CONVERSION = YES;
				GCC_WARN_ABOUT_RETURN_TYPE = YES_ERROR;
				GCC_WARN_UNDECLARED_SELECTOR = YES;
				GCC_WARN_UNINITIALIZED_AUTOS = YES_AGGRESSIVE;
				GCC_WARN_UNUSED_FUNCTION = YES;
				GCC_WARN_UNUSED_VARIABLE = YES;
				IPHONEOS_DEPLOYMENT_TARGET = 13.0;
				LOCALIZATION_PREFERS_STRING_CATALOGS = YES;
				MTL_ENABLE_DEBUG_INFO = NO;
				MTL_FAST_MATH = YES;
				SDKROOT = iphoneos;
				SWIFT_COMPILATION_MODE = wholemodule;
				SWIFT_EMIT_LOC_STRINGS = YES;
				VALIDATE_PRODUCT = YES;
			};
			name = Release;
		};
		11E1151B2CC0149F00F08496 /* Debug */ = {
			isa = XCBuildConfiguration;
			buildSettings = {
				ASSETCATALOG_COMPILER_APPICON_NAME = AppIcon;
				ASSETCATALOG_COMPILER_GLOBAL_ACCENT_COLOR_NAME = AccentColor;
				CLANG_ENABLE_MODULES = YES;
				CODE_SIGN_STYLE = Automatic;
				CURRENT_PROJECT_VERSION = 1;
				DEVELOPMENT_TEAM = C6WMXUCWYF;
				EXCLUDED_ARCHS = "";
				GENERATE_INFOPLIST_FILE = YES;
				INFOPLIST_FILE = LinkSDKExample/Info.plist;
				INFOPLIST_KEY_UIApplicationSupportsIndirectInputEvents = YES;
				INFOPLIST_KEY_UILaunchStoryboardName = LaunchScreen.storyboard;
				INFOPLIST_KEY_UIMainStoryboardFile = Main;
				INFOPLIST_KEY_UIRequiresFullScreen = YES;
				INFOPLIST_KEY_UISupportedInterfaceOrientations = UIInterfaceOrientationPortrait;
				IPHONEOS_DEPLOYMENT_TARGET = 15.0;
				LD_RUNPATH_SEARCH_PATHS = (
					"$(inherited)",
					"@executable_path/Frameworks",
				);
				MARKETING_VERSION = 1.0;
				PRODUCT_BUNDLE_IDENTIFIER = com.meshconnect.LinkSDKExample;
				PRODUCT_NAME = "$(TARGET_NAME)";
				SWIFT_EMIT_LOC_STRINGS = YES;
				SWIFT_OPTIMIZATION_LEVEL = "-Onone";
				SWIFT_VERSION = 5.0;
				TARGETED_DEVICE_FAMILY = "1,2";
			};
			name = Debug;
		};
		11E1151C2CC0149F00F08496 /* Release */ = {
			isa = XCBuildConfiguration;
			buildSettings = {
				ASSETCATALOG_COMPILER_APPICON_NAME = AppIcon;
				ASSETCATALOG_COMPILER_GLOBAL_ACCENT_COLOR_NAME = AccentColor;
				CLANG_ENABLE_MODULES = YES;
				CODE_SIGN_STYLE = Automatic;
				CURRENT_PROJECT_VERSION = 1;
				DEVELOPMENT_TEAM = C6WMXUCWYF;
				EXCLUDED_ARCHS = "";
				GENERATE_INFOPLIST_FILE = YES;
				INFOPLIST_FILE = LinkSDKExample/Info.plist;
				INFOPLIST_KEY_UIApplicationSupportsIndirectInputEvents = YES;
				INFOPLIST_KEY_UILaunchStoryboardName = LaunchScreen.storyboard;
				INFOPLIST_KEY_UIMainStoryboardFile = Main;
				INFOPLIST_KEY_UIRequiresFullScreen = YES;
				INFOPLIST_KEY_UISupportedInterfaceOrientations = UIInterfaceOrientationPortrait;
				IPHONEOS_DEPLOYMENT_TARGET = 15.0;
				LD_RUNPATH_SEARCH_PATHS = (
					"$(inherited)",
					"@executable_path/Frameworks",
				);
				MARKETING_VERSION = 1.0;
				PRODUCT_BUNDLE_IDENTIFIER = com.meshconnect.LinkSDKExample;
				PRODUCT_NAME = "$(TARGET_NAME)";
				SWIFT_EMIT_LOC_STRINGS = YES;
				SWIFT_VERSION = 5.0;
				TARGETED_DEVICE_FAMILY = "1,2";
			};
			name = Release;
		};
		11E1152E2CC0158100F08496 /* Debug */ = {
			isa = XCBuildConfiguration;
			buildSettings = {
				BUILD_LIBRARY_FOR_DISTRIBUTION = YES;
				CODE_SIGN_IDENTITY = "";
				CODE_SIGN_STYLE = Manual;
				CURRENT_PROJECT_VERSION = 1;
				DEFINES_MODULE = NO;
				DEVELOPMENT_ASSET_PATHS = "";
				DEVELOPMENT_TEAM = "";
				"DEVELOPMENT_TEAM[sdk=iphoneos*]" = C6WMXUCWYF;
				DYLIB_COMPATIBILITY_VERSION = 1;
				DYLIB_CURRENT_VERSION = 1;
				DYLIB_INSTALL_NAME_BASE = "@rpath";
				ENABLE_MODULE_VERIFIER = YES;
				GENERATE_INFOPLIST_FILE = YES;
				INFOPLIST_KEY_NSHumanReadableCopyright = "";
				INSTALL_PATH = "$(LOCAL_LIBRARY_DIR)/Frameworks";
				IPHONEOS_DEPLOYMENT_TARGET = 13.0;
				LD_RUNPATH_SEARCH_PATHS = (
					"$(inherited)",
					"@executable_path/Frameworks",
					"@loader_path/Frameworks",
				);
				MACH_O_TYPE = staticlib;
				MARKETING_VERSION = 1.0;
				MODULE_VERIFIER_SUPPORTED_LANGUAGES = "objective-c objective-c++";
				MODULE_VERIFIER_SUPPORTED_LANGUAGE_STANDARDS = "gnu17 gnu++20";
				PRODUCT_BUNDLE_IDENTIFIER = com.meshconnect.LinkSDK;
				PRODUCT_NAME = "$(TARGET_NAME:c99extidentifier)";
				PROVISIONING_PROFILE_SPECIFIER = "";
				SKIP_INSTALL = YES;
				SWIFT_EMIT_LOC_STRINGS = YES;
				SWIFT_INSTALL_OBJC_HEADER = NO;
				SWIFT_VERSION = 5.0;
				TARGETED_DEVICE_FAMILY = "1,2";
				VERSIONING_SYSTEM = "apple-generic";
				VERSION_INFO_PREFIX = "";
			};
			name = Debug;
		};
		11E1152F2CC0158100F08496 /* Release */ = {
			isa = XCBuildConfiguration;
			buildSettings = {
				BUILD_LIBRARY_FOR_DISTRIBUTION = YES;
				CODE_SIGN_IDENTITY = "";
				CODE_SIGN_STYLE = Manual;
				CURRENT_PROJECT_VERSION = 1;
				DEFINES_MODULE = NO;
				DEVELOPMENT_ASSET_PATHS = "";
				DEVELOPMENT_TEAM = "";
				"DEVELOPMENT_TEAM[sdk=iphoneos*]" = C6WMXUCWYF;
				DYLIB_COMPATIBILITY_VERSION = 1;
				DYLIB_CURRENT_VERSION = 1;
				DYLIB_INSTALL_NAME_BASE = "@rpath";
				ENABLE_MODULE_VERIFIER = YES;
				GENERATE_INFOPLIST_FILE = YES;
				INFOPLIST_KEY_NSHumanReadableCopyright = "";
				INSTALL_PATH = "$(LOCAL_LIBRARY_DIR)/Frameworks";
				IPHONEOS_DEPLOYMENT_TARGET = 13.0;
				LD_RUNPATH_SEARCH_PATHS = (
					"$(inherited)",
					"@executable_path/Frameworks",
					"@loader_path/Frameworks",
				);
				MACH_O_TYPE = staticlib;
				MARKETING_VERSION = 1.0;
				MODULE_VERIFIER_SUPPORTED_LANGUAGES = "objective-c objective-c++";
				MODULE_VERIFIER_SUPPORTED_LANGUAGE_STANDARDS = "gnu17 gnu++20";
				PRODUCT_BUNDLE_IDENTIFIER = com.meshconnect.LinkSDK;
				PRODUCT_NAME = "$(TARGET_NAME:c99extidentifier)";
				PROVISIONING_PROFILE_SPECIFIER = "";
				SKIP_INSTALL = YES;
				SWIFT_EMIT_LOC_STRINGS = YES;
				SWIFT_INSTALL_OBJC_HEADER = NO;
				SWIFT_OPTIMIZATION_LEVEL = "-Onone";
				SWIFT_VERSION = 5.0;
				TARGETED_DEVICE_FAMILY = "1,2";
				VERSIONING_SYSTEM = "apple-generic";
				VERSION_INFO_PREFIX = "";
			};
			name = Release;
		};
		11E115862CC1151900F08496 /* Debug */ = {
			isa = XCBuildConfiguration;
			buildSettings = {
				CODE_SIGN_STYLE = Automatic;
				CURRENT_PROJECT_VERSION = 1;
				DEVELOPMENT_TEAM = C6WMXUCWYF;
				GENERATE_INFOPLIST_FILE = YES;
				IPHONEOS_DEPLOYMENT_TARGET = 15.0;
				MARKETING_VERSION = 1.0;
				PRODUCT_BUNDLE_IDENTIFIER = com.meshconnect.LinkSDKTests;
				PRODUCT_NAME = "$(TARGET_NAME)";
				SWIFT_EMIT_LOC_STRINGS = NO;
				SWIFT_VERSION = 5.0;
				TARGETED_DEVICE_FAMILY = "1,2";
			};
			name = Debug;
		};
		11E115872CC1151900F08496 /* Release */ = {
			isa = XCBuildConfiguration;
			buildSettings = {
				CODE_SIGN_STYLE = Automatic;
				CURRENT_PROJECT_VERSION = 1;
				DEVELOPMENT_TEAM = C6WMXUCWYF;
				GENERATE_INFOPLIST_FILE = YES;
				IPHONEOS_DEPLOYMENT_TARGET = 15.0;
				MARKETING_VERSION = 1.0;
				PRODUCT_BUNDLE_IDENTIFIER = com.meshconnect.LinkSDKTests;
				PRODUCT_NAME = "$(TARGET_NAME)";
				SWIFT_EMIT_LOC_STRINGS = NO;
				SWIFT_VERSION = 5.0;
				TARGETED_DEVICE_FAMILY = "1,2";
			};
			name = Release;
		};
/* End XCBuildConfiguration section */

/* Begin XCConfigurationList section */
		11E114C12CC012BC00F08496 /* Build configuration list for PBXProject "LinkSDK" */ = {
			isa = XCConfigurationList;
			buildConfigurations = (
				11E114DC2CC012BF00F08496 /* Debug */,
				11E114DD2CC012BF00F08496 /* Release */,
			);
			defaultConfigurationIsVisible = 0;
			defaultConfigurationName = Release;
		};
		11E1151A2CC0149F00F08496 /* Build configuration list for PBXNativeTarget "LinkSDKExample" */ = {
			isa = XCConfigurationList;
			buildConfigurations = (
				11E1151B2CC0149F00F08496 /* Debug */,
				11E1151C2CC0149F00F08496 /* Release */,
			);
			defaultConfigurationIsVisible = 0;
			defaultConfigurationName = Release;
		};
		11E1152D2CC0158100F08496 /* Build configuration list for PBXNativeTarget "LinkSDK" */ = {
			isa = XCConfigurationList;
			buildConfigurations = (
				11E1152E2CC0158100F08496 /* Debug */,
				11E1152F2CC0158100F08496 /* Release */,
			);
			defaultConfigurationIsVisible = 0;
			defaultConfigurationName = Release;
		};
		11E115852CC1151900F08496 /* Build configuration list for PBXNativeTarget "LinkSDKTests" */ = {
			isa = XCConfigurationList;
			buildConfigurations = (
				11E115862CC1151900F08496 /* Debug */,
				11E115872CC1151900F08496 /* Release */,
			);
			defaultConfigurationIsVisible = 0;
			defaultConfigurationName = Release;
		};
/* End XCConfigurationList section */

/* Begin XCRemoteSwiftPackageReference section */
		FAD903EA2DD4C82A0012F673 /* XCRemoteSwiftPackageReference "quantum-ios" */ = {
			isa = XCRemoteSwiftPackageReference;
			repositoryURL = "git@github.com:atomicfi/quantum-ios.git";
			requirement = {
				kind = exactVersion;
				version = 3.12.0;
			};
		};
/* End XCRemoteSwiftPackageReference section */

/* Begin XCSwiftPackageProductDependency section */
		FAD903EB2DD4C82A0012F673 /* QuantumIOS */ = {
			isa = XCSwiftPackageProductDependency;
			package = FAD903EA2DD4C82A0012F673 /* XCRemoteSwiftPackageReference "quantum-ios" */;
			productName = QuantumIOS;
		};
/* End XCSwiftPackageProductDependency section */
	};
	rootObject = 11E114BE2CC012BC00F08496 /* Project object */;
}
